
Microsoft Visual Studio Solution File, Format Version 12.00
# Visual Studio Version 17
VisualStudioVersion = 17.3.32929.385
MinimumVisualStudioVersion = 10.0.40219.1
Project("{FAE04EC0-301F-11D3-BF4B-00C04F79EFBC}") = "CalculatorUnit", "CalculatorUnit.csproj", "{BE4B33D0-7168-48D0-A14C-867ED95F2F03}"
EndProject
Project("{9A19103F-16F7-4668-BE54-9A1E7A4F7556}") = "CalculatorUnitTest", "..\CalculatorUnitTest\CalculatorUnitTest.csproj", "{3D64381A-B532-4CD1-954E-1EB12D1B98C6}"
EndProject
Project("{9A19103F-16F7-4668-BE54-9A1E7A4F7556}") = "CalculatorMSTest", "..\CalculatorExampleTest\CalculatorMSTest.csproj", "{29F467A5-1651-478F-8FC8-A37023AFCB95}"
EndProject
Global
	GlobalSection(SolutionConfigurationPlatforms) = preSolution
		Debug|Any CPU = Debug|Any CPU
		Release|Any CPU = Release|Any CPU
	EndGlobalSection
	GlobalSection(ProjectConfigurationPlatforms) = postSolution
		{BE4B33D0-7168-48D0-A14C-867ED95F2F03}.Debug|Any CPU.ActiveCfg = Debug|Any CPU
		{BE4B33D0-7168-48D0-A14C-867ED95F2F03}.Debug|Any CPU.Build.0 = Debug|Any CPU
		{BE4B33D0-7168-48D0-A14C-867ED95F2F03}.Release|Any CPU.ActiveCfg = Release|Any CPU
		{BE4B33D0-7168-48D0-A14C-867ED95F2F03}.Release|Any CPU.Build.0 = Release|Any CPU
		{3D64381A-B532-4CD1-954E-1EB12D1B98C6}.Debug|Any CPU.ActiveCfg = Debug|Any CPU
		{3D64381A-B532-4CD1-954E-1EB12D1B98C6}.Debug|Any CPU.Build.0 = Debug|Any CPU
		{3D64381A-B532-4CD1-954E-1EB12D1B98C6}.Release|Any CPU.ActiveCfg = Release|Any CPU
		{3D64381A-B532-4CD1-954E-1EB12D1B98C6}.Release|Any CPU.Build.0 = Release|Any CPU
		{29F467A5-1651-478F-8FC8-A37023AFCB95}.Debug|Any CPU.ActiveCfg = Debug|Any CPU
		{29F467A5-1651-478F-8FC8-A37023AFCB95}.Debug|Any CPU.Build.0 = Debug|Any CPU
		{29F467A5-1651-478F-8FC8-A37023AFCB95}.Release|Any CPU.ActiveCfg = Release|Any CPU
		{29F467A5-1651-478F-8FC8-A37023AFCB95}.Release|Any CPU.Build.0 = Release|Any CPU
	EndGlobalSection
	GlobalSection(SolutionProperties) = preSolution
		HideSolutionNode = FALSE
	EndGlobalSection
	GlobalSection(ExtensibilityGlobals) = postSolution
		SolutionGuid = {306166D5-47B3-452C-821C-3F4B28E3D500}
	EndGlobalSection
EndGlobal
